
Microsoft Visual Studio Solution File, Format Version 12.00
# Visual Studio Version 17
VisualStudioVersion = 17.13.35806.99 d17.13
MinimumVisualStudioVersion = 10.0.40219.1
Project("{FAE04EC0-301F-11D3-BF4B-00C04F79EFBC}") = "Chuong1", "Chuong1.csproj", "{CDD0C3FA-6B73-442E-95AB-93252D43D343}"
EndProject
Global
	GlobalSection(SolutionConfigurationPlatforms) = preSolution
		Debug|Any CPU = Debug|Any CPU
		Release|Any CPU = Release|Any CPU
	EndGlobalSection
	GlobalSection(ProjectConfigurationPlatforms) = postSolution
		{CDD0C3FA-6B73-442E-95AB-93252D43D343}.Debug|Any CPU.ActiveCfg = Debug|Any CPU
		{CDD0C3FA-6B73-442E-95AB-93252D43D343}.Debug|Any CPU.Build.0 = Debug|Any CPU
		{CDD0C3FA-6B73-442E-95AB-93252D43D343}.Release|Any CPU.ActiveCfg = Release|Any CPU
		{CDD0C3FA-6B73-442E-95AB-93252D43D343}.Release|Any CPU.Build.0 = Release|Any CPU
	EndGlobalSection
	GlobalSection(SolutionProperties) = preSolution
		HideSolutionNode = FALSE
	EndGlobalSection
	GlobalSection(ExtensibilityGlobals) = postSolution
		SolutionGuid = {FFAFC213-0694-404B-9276-BD7CC7B67082}
	EndGlobalSection
EndGlobal
